
Microsoft Visual Studio Solution File, Format Version 12.00
# Visual Studio 15
VisualStudioVersion = 15.0.28307.779
MinimumVisualStudioVersion = 10.0.40219.1
Project("{9A19103F-16F7-4668-BE54-9A1E7A4F7556}") = "project", "project.csproj", "{9A2BDDF2-9606-4B46-9C4D-EF28388D3119}"
EndProject
Global
	GlobalSection(SolutionConfigurationPlatforms) = preSolution
		Debug|Any CPU = Debug|Any CPU
		Release|Any CPU = Release|Any CPU
	EndGlobalSection
	GlobalSection(ProjectConfigurationPlatforms) = postSolution
		{9A2BDDF2-9606-4B46-9C4D-EF28388D3119}.Debug|Any CPU.ActiveCfg = Debug|Any CPU
		{9A2BDDF2-9606-4B46-9C4D-EF28388D3119}.Debug|Any CPU.Build.0 = Debug|Any CPU
		{9A2BDDF2-9606-4B46-9C4D-EF28388D3119}.Release|Any CPU.ActiveCfg = Release|Any CPU
		{9A2BDDF2-9606-4B46-9C4D-EF28388D3119}.Release|Any CPU.Build.0 = Release|Any CPU
	EndGlobalSection
	GlobalSection(SolutionProperties) = preSolution
		HideSolutionNode = FALSE
	EndGlobalSection
	GlobalSection(ExtensibilityGlobals) = postSolution
		SolutionGuid = {E4EEAE9D-D011-4FB9-B322-5E8EC3854CDE}
	EndGlobalSection
EndGlobal
